
Microsoft Visual Studio Solution File, Format Version 12.00
# Visual Studio Version 17
VisualStudioVersion = 17.6.33723.286
MinimumVisualStudioVersion = 10.0.40219.1
Project("{FAE04EC0-301F-11D3-BF4B-00C04F79EFBC}") = "StoreFront.UI.MVC", "StoreFront.UI.MVC\StoreFront.UI.MVC.csproj", "{19BFB7C5-8A22-4063-B3A1-9C9A617EF635}"
EndProject
Project("{FAE04EC0-301F-11D3-BF4B-00C04F79EFBC}") = "StoreFront.DATA.EF", "StoreFront.DATA.EF\StoreFront.DATA.EF.csproj", "{2CD02BA2-6F46-4672-A25C-5900B539D9AF}"
EndProject
Global
	GlobalSection(SolutionConfigurationPlatforms) = preSolution
		Debug|Any CPU = Debug|Any CPU
		Release|Any CPU = Release|Any CPU
	EndGlobalSection
	GlobalSection(ProjectConfigurationPlatforms) = postSolution
		{19BFB7C5-8A22-4063-B3A1-9C9A617EF635}.Debug|Any CPU.ActiveCfg = Debug|Any CPU
		{19BFB7C5-8A22-4063-B3A1-9C9A617EF635}.Debug|Any CPU.Build.0 = Debug|Any CPU
		{19BFB7C5-8A22-4063-B3A1-9C9A617EF635}.Release|Any CPU.ActiveCfg = Release|Any CPU
		{19BFB7C5-8A22-4063-B3A1-9C9A617EF635}.Release|Any CPU.Build.0 = Release|Any CPU
		{2CD02BA2-6F46-4672-A25C-5900B539D9AF}.Debug|Any CPU.ActiveCfg = Debug|Any CPU
		{2CD02BA2-6F46-4672-A25C-5900B539D9AF}.Debug|Any CPU.Build.0 = Debug|Any CPU
		{2CD02BA2-6F46-4672-A25C-5900B539D9AF}.Release|Any CPU.ActiveCfg = Release|Any CPU
		{2CD02BA2-6F46-4672-A25C-5900B539D9AF}.Release|Any CPU.Build.0 = Release|Any CPU
	EndGlobalSection
	GlobalSection(SolutionProperties) = preSolution
		HideSolutionNode = FALSE
	EndGlobalSection
	GlobalSection(ExtensibilityGlobals) = postSolution
		SolutionGuid = {D1781DD5-732B-4D21-8112-5F17F89AA814}
	EndGlobalSection
EndGlobal
